
Microsoft Visual Studio Solution File, Format Version 12.00
# Visual Studio Version 17
VisualStudioVersion = 17.0.32112.339
MinimumVisualStudioVersion = 10.0.40219.1
Project("{2150E333-8FDC-42A3-9474-1A3956D46DE8}") = "Services", "Services", "{8FDC0F9F-31C6-4A8E-9A33-0981B95CD385}"
EndProject
Project("{2150E333-8FDC-42A3-9474-1A3956D46DE8}") = "Catalog", "Catalog", "{6A2022D0-A847-49B1-8550-5FB6B692662B}"
EndProject
Project("{9A19103F-16F7-4668-BE54-9A1E7A4F7556}") = "Catalog.API", "Services\Catalog\Catalog.API\Catalog.API.csproj", "{3C2C129C-382D-4E80-9266-6A9B9E01065B}"
EndProject
Project("{E53339B2-1760-4266-BCC7-CA923CBCF16C}") = "docker-compose", "docker-compose.dcproj", "{9F54006C-A3D9-48A1-BDC6-50797D8AD229}"
EndProject
Project("{2150E333-8FDC-42A3-9474-1A3956D46DE8}") = "Basket", "Basket", "{00767065-089E-4C0A-BBC3-2DBED1D9DCFD}"
EndProject
Project("{9A19103F-16F7-4668-BE54-9A1E7A4F7556}") = "Basket.API", "Services\Basket\Basket.API\Basket.API.csproj", "{A0B2DEAA-8B98-4B10-91A9-0198A40EC8D8}"
EndProject
Project("{2150E333-8FDC-42A3-9474-1A3956D46DE8}") = "Test", "Test", "{892171D0-0D4F-496A-BA5D-574C024999A5}"
EndProject
Project("{9A19103F-16F7-4668-BE54-9A1E7A4F7556}") = "TestServices", "..\TestServices\TestServices.csproj", "{BC2BFBFA-9912-4EAC-A362-C3588ECD5B70}"
EndProject
Project("{2150E333-8FDC-42A3-9474-1A3956D46DE8}") = "Discount", "Discount", "{EF3267E9-E4FD-45A2-B291-43CA814FAC13}"
EndProject
Project("{9A19103F-16F7-4668-BE54-9A1E7A4F7556}") = "Discount.API", "Services\Discount\Discount.API\Discount.API.csproj", "{92F4EE82-C957-4978-82F8-F1A3CC7FBDDE}"
EndProject
Project("{9A19103F-16F7-4668-BE54-9A1E7A4F7556}") = "Discount.Grpc", "Services\Discount\Discount.Grpc\Discount.Grpc.csproj", "{0441AFF9-D73A-4CE8-8236-298778BC3264}"
EndProject
Global
	GlobalSection(SolutionConfigurationPlatforms) = preSolution
		Debug|Any CPU = Debug|Any CPU
		Release|Any CPU = Release|Any CPU
	EndGlobalSection
	GlobalSection(ProjectConfigurationPlatforms) = postSolution
		{3C2C129C-382D-4E80-9266-6A9B9E01065B}.Debug|Any CPU.ActiveCfg = Debug|Any CPU
		{3C2C129C-382D-4E80-9266-6A9B9E01065B}.Debug|Any CPU.Build.0 = Debug|Any CPU
		{3C2C129C-382D-4E80-9266-6A9B9E01065B}.Release|Any CPU.ActiveCfg = Release|Any CPU
		{3C2C129C-382D-4E80-9266-6A9B9E01065B}.Release|Any CPU.Build.0 = Release|Any CPU
		{9F54006C-A3D9-48A1-BDC6-50797D8AD229}.Debug|Any CPU.ActiveCfg = Debug|Any CPU
		{9F54006C-A3D9-48A1-BDC6-50797D8AD229}.Debug|Any CPU.Build.0 = Debug|Any CPU
		{9F54006C-A3D9-48A1-BDC6-50797D8AD229}.Release|Any CPU.ActiveCfg = Release|Any CPU
		{9F54006C-A3D9-48A1-BDC6-50797D8AD229}.Release|Any CPU.Build.0 = Release|Any CPU
		{A0B2DEAA-8B98-4B10-91A9-0198A40EC8D8}.Debug|Any CPU.ActiveCfg = Debug|Any CPU
		{A0B2DEAA-8B98-4B10-91A9-0198A40EC8D8}.Debug|Any CPU.Build.0 = Debug|Any CPU
		{A0B2DEAA-8B98-4B10-91A9-0198A40EC8D8}.Release|Any CPU.ActiveCfg = Release|Any CPU
		{A0B2DEAA-8B98-4B10-91A9-0198A40EC8D8}.Release|Any CPU.Build.0 = Release|Any CPU
		{BC2BFBFA-9912-4EAC-A362-C3588ECD5B70}.Debug|Any CPU.ActiveCfg = Debug|Any CPU
		{BC2BFBFA-9912-4EAC-A362-C3588ECD5B70}.Debug|Any CPU.Build.0 = Debug|Any CPU
		{BC2BFBFA-9912-4EAC-A362-C3588ECD5B70}.Release|Any CPU.ActiveCfg = Release|Any CPU
		{BC2BFBFA-9912-4EAC-A362-C3588ECD5B70}.Release|Any CPU.Build.0 = Release|Any CPU
		{92F4EE82-C957-4978-82F8-F1A3CC7FBDDE}.Debug|Any CPU.ActiveCfg = Debug|Any CPU
		{92F4EE82-C957-4978-82F8-F1A3CC7FBDDE}.Debug|Any CPU.Build.0 = Debug|Any CPU
		{92F4EE82-C957-4978-82F8-F1A3CC7FBDDE}.Release|Any CPU.ActiveCfg = Release|Any CPU
		{92F4EE82-C957-4978-82F8-F1A3CC7FBDDE}.Release|Any CPU.Build.0 = Release|Any CPU
		{0441AFF9-D73A-4CE8-8236-298778BC3264}.Debug|Any CPU.ActiveCfg = Debug|Any CPU
		{0441AFF9-D73A-4CE8-8236-298778BC3264}.Debug|Any CPU.Build.0 = Debug|Any CPU
		{0441AFF9-D73A-4CE8-8236-298778BC3264}.Release|Any CPU.ActiveCfg = Release|Any CPU
		{0441AFF9-D73A-4CE8-8236-298778BC3264}.Release|Any CPU.Build.0 = Release|Any CPU
	EndGlobalSection
	GlobalSection(SolutionProperties) = preSolution
		HideSolutionNode = FALSE
	EndGlobalSection
	GlobalSection(NestedProjects) = preSolution
		{6A2022D0-A847-49B1-8550-5FB6B692662B} = {8FDC0F9F-31C6-4A8E-9A33-0981B95CD385}
		{3C2C129C-382D-4E80-9266-6A9B9E01065B} = {6A2022D0-A847-49B1-8550-5FB6B692662B}
		{00767065-089E-4C0A-BBC3-2DBED1D9DCFD} = {8FDC0F9F-31C6-4A8E-9A33-0981B95CD385}
		{A0B2DEAA-8B98-4B10-91A9-0198A40EC8D8} = {00767065-089E-4C0A-BBC3-2DBED1D9DCFD}
		{892171D0-0D4F-496A-BA5D-574C024999A5} = {8FDC0F9F-31C6-4A8E-9A33-0981B95CD385}
		{BC2BFBFA-9912-4EAC-A362-C3588ECD5B70} = {892171D0-0D4F-496A-BA5D-574C024999A5}
		{EF3267E9-E4FD-45A2-B291-43CA814FAC13} = {8FDC0F9F-31C6-4A8E-9A33-0981B95CD385}
		{92F4EE82-C957-4978-82F8-F1A3CC7FBDDE} = {EF3267E9-E4FD-45A2-B291-43CA814FAC13}
		{0441AFF9-D73A-4CE8-8236-298778BC3264} = {EF3267E9-E4FD-45A2-B291-43CA814FAC13}
	EndGlobalSection
	GlobalSection(ExtensibilityGlobals) = postSolution
		SolutionGuid = {D0FE708F-4022-496C-9039-861BC25B1658}
	EndGlobalSection
EndGlobal
